{
  "name": "hello-json-logging",
  "version": "1.0.0",
  "lockfileVersion": 1,
  "requires": true,
  "dependencies": {
    "asn1": {
      "version": "0.1.9",
      "resolved": "https://registry.npmjs.org/asn1/-/asn1-0.1.9.tgz",
      "integrity": "sha512-qxACMK7BkZzGpwHYiG84ToCPrIM086pGU3G2J6yxGQJleDesx5Va3iR2ewt2hhn7kBMeo6JdgYH8TfKO2/GaTQ=="
    },
    "async": {
      "version": "0.1.18",
      "resolved": "https://registry.npmjs.org/async/-/async-0.1.18.tgz",
      "integrity": "sha512-BNk8X5AAA0bk1d1E2DJ/HgfP71qvoUZtjGGkIUI2eUo8IyXdc0u0tpFOuuRTXNU99iqb9/OoLD6XPF+xoNXaTw=="
    },
    "bunyan": {
      "version": "0.6.9",
      "resolved": "https://registry.npmjs.org/bunyan/-/bunyan-0.6.9.tgz",
      "integrity": "sha512-lNAvoLghsU+OfOz/2TFl/+e/+nXx2gm9oERvnKpO9ylSYT3QLN1JEGH0ZeMgFJ0r7Ktwoq7txJB8UAQzEhH0tA=="
    },
    "ctype": {
      "version": "0.3.1",
      "resolved": "https://registry.npmjs.org/ctype/-/ctype-0.3.1.tgz",
      "integrity": "sha512-jXEJDlhv+m1csK22dInamHBQHlD8XQ9RT22oRAGyJrucpUITpcggtT0vWt3tt2Cg1tih++0Wh0FeyDOyrKTThw=="
    },
    "dtrace-provider": {
      "version": "0.0.6",
      "resolved": "https://registry.npmjs.org/dtrace-provider/-/dtrace-provider-0.0.6.tgz",
      "integrity": "sha512-UaxN+4gfYdnaOTn3fpsCiMUzmHelvC8+iNYVQcfhLwU8YfRmxBIL2M3TyaiW1QiRG6R2eqmPOHyhjJ2jMv/Zcg==",
      "optional": true
    },
    "formidable": {
      "version": "1.0.9",
      "resolved": "https://registry.npmjs.org/formidable/-/formidable-1.0.9.tgz",
      "integrity": "sha512-tDcFwwnfKheIxsMcKzYjEz4jrcDfHWfyVg5Y9AxPG/YfmkGdOdcHCMDWNg1iIOaSN3VhVD0kCkwayiG9/Drg4Q=="
    },
    "http-signature": {
      "version": "0.9.8",
      "resolved": "https://registry.npmjs.org/http-signature/-/http-signature-0.9.8.tgz",
      "integrity": "sha512-z0gAp/50ycP+dbo2RNPRxXRsd2i/c+KsoNR1KIPY35yuc5OJMtbjPUN+Ex+1eaeFzYFgdSqEXPzT+UU9J3St2Q==",
      "requires": {
        "asn1": "0.1.9",
        "ctype": "0.3.1",
        "sprintf": "0.1.1"
      }
    },
    "lru-cache": {
      "version": "1.0.5",
      "resolved": "https://registry.npmjs.org/lru-cache/-/lru-cache-1.0.5.tgz",
      "integrity": "sha512-78LsxOtsCtZe6QOYdrBnSlI8j0r7bal9Les5ZQH0njXtAuKLQpwd2UOTe0+r0CzKsDeH/ujYXJNCswYj6Mq9Tg=="
    },
    "mime": {
      "version": "1.2.5",
      "resolved": "https://registry.npmjs.org/mime/-/mime-1.2.5.tgz",
      "integrity": "sha512-QfwTOA+zRHSZXxl9Y7ue5ifKDhU1prnh0dO67Vgcl7Lcx0+79vL9A1ln0qtVur8CFSdYq5Zhnw9DDZQgwDh8Ng=="
    },
    "node-uuid": {
      "version": "1.3.3",
      "resolved": "https://registry.npmjs.org/node-uuid/-/node-uuid-1.3.3.tgz",
      "integrity": "sha512-xKQtL5imfvX6PvUmgJyU/XaNT/l8tKvs+sJ6KLOmIzk/H8+sm7uE80QlPmmu3l1uirvRL3kZqtJPWoQBWT9gQw=="
    },
    "qs": {
      "version": "0.4.2",
      "resolved": "https://registry.npmjs.org/qs/-/qs-0.4.2.tgz",
      "integrity": "sha512-VAtfWeUtlBOnGiWFok2vOIMmwumiLmpqXDcXQcAEIQmLYgDbjrkHrcFBfth+YVDeRsz7jX44dhJr7IBJR0t/FQ=="
    },
    "restify": {
      "version": "1.3.0",
      "resolved": "https://registry.npmjs.org/restify/-/restify-1.3.0.tgz",
      "integrity": "sha512-aZQZ3cU4MUrcDndifJK9QsYP9/QaoLOiOEGaLcnGEmbWJuXHql0mxQDCSS7C2IvSETKzVRig04W1a4ArDBseHQ==",
      "requires": {
        "async": "0.1.18",
        "bunyan": "0.6.8",
        "dtrace-provider": "0.0.6",
        "formidable": "1.0.9",
        "http-signature": "0.9.8",
        "lru-cache": "1.0.5",
        "mime": "1.2.5",
        "node-uuid": "1.3.3",
        "qs": "0.4.2",
        "retry": "0.6.0",
        "semver": "1.0.13"
      },
      "dependencies": {
        "bunyan": {
          "version": "0.6.8",
          "resolved": "https://registry.npmjs.org/bunyan/-/bunyan-0.6.8.tgz",
          "integrity": "sha512-/ue+lwizOUVN106409vYSksL1rYED3vWzftwn/kQhZntBE+6LOM56gSCnu3I2amBVJLO/kryCVf9dtVUq+bb3g=="
        }
      }
    },
    "retry": {
      "version": "0.6.0",
      "resolved": "https://registry.npmjs.org/retry/-/retry-0.6.0.tgz",
      "integrity": "sha512-RgncoxLF1GqwAzTZs/K2YpZkWrdIYbXsmesdomi+iPilSzjUyr/wzNIuteoTVaWokzdwZIJ9NHRNQa/RUiOB2g=="
    },
    "semver": {
      "version": "1.0.13",
      "resolved": "https://registry.npmjs.org/semver/-/semver-1.0.13.tgz",
      "integrity": "sha512-qDRTcyNWqdabnjccyHRgJKraxVBICKe6EDZo4gSHNjMJuG9znreLCQOetjpbr1YJxwTiAMR/lYxIBDN68c1brQ=="
    },
    "sprintf": {
      "version": "0.1.1",
      "resolved": "https://registry.npmjs.org/sprintf/-/sprintf-0.1.1.tgz",
      "integrity": "sha512-4tw3/d54Ob/sMSkU2j+XhSCUhnXW0iWw3ztub6KvMeGC4SCMagADLuLinz8emveQgwmz197rAvVZQFA2vCCJCw=="
    }
  }
}
